github.com/davecgh/go-spew v1.1.1 h1:vj9j/u1bqnvCEfJOwUhtlOARqs3+rkHYY13jYWTU97c=
github.com/davecgh/go-spew v1.1.1/go.mod h1:J7Y8YcW2NihsgmVo/mv3lAwl/skON4iLHjSsI+c5H38=
github.com/gofrs/uuid v4.4.0+incompatible h1:3qXRTX8/NbyulANqlc0lchS1gqAVxRgsuW1YrTJupqA=
github.com/gofrs/uuid v4.4.0+incompatible/go.mod h1:b2aQJv3Z4Fp6yNu3cdSllBxTCLRxnplIgP/c0N/04lM=
github.com/google/shlex v0.0.0-20191202100458-e7afc7fbc510 h1:El6M4kTTCOh6aBiKaUGG7oYTSPP8MxqL4YI3kZKwcP4=
github.com/google/shlex v0.0.0-20191202100458-e7afc7fbc510/go.mod h1:pupxD2MaaD3pAXIBCelhxNneeOaAeabZDe5s4K6zSpQ=
github.com/hashicorp/errwrap v1.0.0/go.mod h1:YH+1FKiLXxHSkmPseP+kNlulaMuP3n2brvKWEqk/Jc4=
github.com/hashicorp/errwrap v1.1.0 h1:OxrOeh75EUXMY8TBjag2fzXGZ40LB6IKw45YeGUDY2I=
github.com/hashicorp/errwrap v1.1.0/go.mod h1:YH+1FKiLXxHSkmPseP+kNlulaMuP3n2brvKWEqk/Jc4=
github.com/hashicorp/go-multierror v1.1.1 h1:H5DkEtf6CXdFp0N0Em5UCwQpXMWke8IA0+lD48awMYo=
github.com/hashicorp/go-multierror v1.1.1/go.mod h1:iw975J/qwKPdAO1clOe2L8331t/9/fmwbPZ6JB6eMoM=
github.com/merliot/dean v0.0.0-20240221094503-e7aca4f3224e h1:UrO3CvenAIxYym3N2c6vusXbbYb2Bhm8hDi2r86z2Q4=
github.com/merliot/dean v0.0.0-20240221094503-e7aca4f3224e/go.mod h1:uoIGfhAx8rt/TB3mDZcZWvO/+ajvNitFYYHSHBqqBrE=
github.com/merliot/device v0.0.0-20240224062630-cce60348f145 h1:3NhIe8MYv726TtWVVwTYKT0uqCMXDur8/CJvZdEL3CE=
github.com/merliot/device v0.0.0-20240224062630-cce60348f145/go.mod h1:YsNAQStwyltzPCyrpmUWWu7MfJb+2fmaWFYxQsMyzZY=
github.com/merliot/garage v0.0.0-20240224062948-7eb544cd63fe h1:hyH+flJbvOtJfMJIE3EKlUBd06asDT9tGvovVEm2aM8=
github.com/merliot/garage v0.0.0-20240224062948-7eb544cd63fe/go.mod h1:Qqvs37nPFENDtZSjfdlCa6lzMp1M1/0mi1j3lSK6+u0=
github.com/merliot/ps30m v0.0.0-20240224062933-6d52004a01ff h1:SZUQxjaon5aOsjiJqiNKCo/TTkMxpjQEdo0CN8gh/HA=
github.com/merliot/ps30m v0.0.0-20240224062933-6d52004a01ff/go.mod h1:SBZUmvy/3Z52Nn6XL3+1IEmsdGR1YLl9wHFVB/XgtMo=
github.com/merliot/relays v0.0.0-20240224062902-9de5519157e4 h1:6aZhO/bvFKBgnHX9TKouKVxOLNnK3VNAaowBEV36gBE=
github.com/merliot/relays v0.0.0-20240224062902-9de5519157e4/go.mod h1:SaleO03yaU0xlCcimF6RbLsH0H0oY/tAGfjOiGOoy5Y=
github.com/merliot/skeleton v0.0.0-20240224062925-f8c3797bf7e6 h1:DlgStSr3cWCp8cMlt5Rg21ICivoEJ2cmgtCy9fj8r2E=
github.com/merliot/skeleton v0.0.0-20240224062925-f8c3797bf7e6/go.mod h1:ylF5X//z/I7eyO49KrTHTEHbH1sEdNKxyEUNRW3jX9A=
github.com/pkg/errors v0.9.1 h1:FEBLx1zS214owpjy7qsBeixbURkuhQAwrK5UwLGTwt4=
github.com/pkg/errors v0.9.1/go.mod h1:bwawxfHBFNV+L2hUp1rHADufV3IMtnDRdf1r5NINEl0=
github.com/pmezard/go-difflib v1.0.0 h1:4DBwDE0NGyQoBHbLQYPwSUPoCMWR5BEzIk/f1lZbAQM=
github.com/pmezard/go-difflib v1.0.0/go.mod h1:iKH77koFhYxTK1pcRnkKkqfTogsbg7gZNVY4sRDYZ/4=
github.com/sigurn/crc8 v0.0.0-20220107193325-2243fe600f9f h1:1R9KdKjCNSd7F8iGTxIpoID9prlYH8nuNYKt0XvweHA=
github.com/sigurn/crc8 v0.0.0-20220107193325-2243fe600f9f/go.mod h1:vQhwQ4meQEDfahT5kd61wLAF5AAeh5ZPLVI4JJ/tYo8=
github.com/stretchr/testify v1.8.4 h1:CcVxjf3Q8PM0mHUKJCdn+eZZtm5yQwehR5yeSVQQcUk=
github.com/stretchr/testify v1.8.4/go.mod h1:sz/lmYIOXD/1dqDmKjjqLyZ2RngseejIcXlSw2iwfAo=
github.com/warthog618/go-gpiosim v0.1.0 h1:2rTMTcKUVZxpUuvRKsagnKAbKpd3Bwffp87xywEDVGI=
github.com/warthog618/go-gpiosim v0.1.0/go.mod h1:Ngx/LYI5toxHr4E+Vm6vTgCnt0of0tktsSuMUEJ2wCI=
github.com/warthog618/gpiod v0.8.2 h1:2HgQ9pNowPp7W77sXhX5ut5Tqq1WoS3t7bXYDxtYvxc=
github.com/warthog618/gpiod v0.8.2/go.mod h1:O7BNpHjCn/4YS5yFVmoFZAlY1LuYuQ8vhPf0iy/qdi4=
github.com/x448/float16 v0.8.4 h1:qLwI1I70+NjRFUR3zs1JPUCgaCXSh3SW62uAKT1mSBM=
github.com/x448/float16 v0.8.4/go.mod h1:14CWIYCyZA/cWjXOioeEpHeN/83MdbZDRQHoFcYsOfg=
gobot.io/x/gobot/v2 v2.3.0 h1:A5uT4J54hS0CJ0qlcbOwBr6joEpQpkMSjdJavyAIGME=
gobot.io/x/gobot/v2 v2.3.0/go.mod h1:Y2OP99XZwxvTaExiSf42NFQ4HfFeD9lhh+kHS6WGpPI=
golang.org/x/crypto v0.19.0 h1:ENy+Az/9Y1vSrlrvBSyna3PITt4tiZLf7sgCjZBX7Wo=
golang.org/x/crypto v0.19.0/go.mod h1:Iy9bg/ha4yyC70EfRS8jz+B6ybOBKMaSxLj6P6oBDfU=
golang.org/x/net v0.21.0 h1:AQyQV4dYCvJ7vGmJyKki9+PBdyvhkSd8EIx/qb0AYv4=
golang.org/x/net v0.21.0/go.mod h1:bIjVDfnllIU7BJ2DNgfnXvpSvtn8VRwhlsaeUTyUS44=
golang.org/x/sys v0.17.0 h1:25cE3gD+tdBA7lp7QfhuV+rJiE9YXTcS3VG1SqssI/Y=
golang.org/x/sys v0.17.0/go.mod h1:/VUhepiaJMQUp4+oa/7Zr1D23ma6VTLIYjOOTFZPUcA=
golang.org/x/text v0.14.0 h1:ScX5w1eTa3QqT8oi6+ziP7dTV1S2+ALU0bI+0zXKWiQ=
golang.org/x/text v0.14.0/go.mod h1:18ZOQIKpY8NJVqYksKHtTdi31H5itFRjB5/qKTNYzSU=
gopkg.in/yaml.v3 v3.0.1 h1:fxVm/GzAzEWqLHuvctI91KS9hhNmmWOoWu0XTYJS7CA=
gopkg.in/yaml.v3 v3.0.1/go.mod h1:K4uyk7z7BCEPqu6E+C64Yfv1cQ7kz7rIZviUmN+EgEM=
periph.io/x/conn/v3 v3.7.0 h1:f1EXLn4pkf7AEWwkol2gilCNZ0ElY+bxS4WE2PQXfrA=
periph.io/x/conn/v3 v3.7.0/go.mod h1:ypY7UVxgDbP9PJGwFSVelRRagxyXYfttVh7hJZUHEhg=
periph.io/x/host/v3 v3.8.2 h1:ayKUDzgUCN0g8+/xM9GTkWaOBhSLVcVHGTfjAOi8OsQ=
periph.io/x/host/v3 v3.8.2/go.mod h1:yFL76AesNHR68PboofSWYaQTKmvPXsQH2Apvp/ls/K4=
tinygo.org/x/drivers v0.26.1-0.20231206190939-3fabdc5c9680 h1:S7FwtuTMSkyEjF1cgl3AFlnBR940GYgCMSADm0U8e7o=
tinygo.org/x/drivers v0.26.1-0.20231206190939-3fabdc5c9680/go.mod h1:q/mU8G/wz821p8xXqbkBACOlmZFDHXd//DnYnCW+dDQ=
