github.com/davecgh/go-spew v1.1.1 h1:vj9j/u1bqnvCEfJOwUhtlOARqs3+rkHYY13jYWTU97c=
github.com/davecgh/go-spew v1.1.1/go.mod h1:J7Y8YcW2NihsgmVo/mv3lAwl/skON4iLHjSsI+c5H38=
github.com/gofrs/uuid v4.4.0+incompatible h1:3qXRTX8/NbyulANqlc0lchS1gqAVxRgsuW1YrTJupqA=
github.com/gofrs/uuid v4.4.0+incompatible/go.mod h1:b2aQJv3Z4Fp6yNu3cdSllBxTCLRxnplIgP/c0N/04lM=
github.com/google/shlex v0.0.0-20191202100458-e7afc7fbc510 h1:El6M4kTTCOh6aBiKaUGG7oYTSPP8MxqL4YI3kZKwcP4=
github.com/google/shlex v0.0.0-20191202100458-e7afc7fbc510/go.mod h1:pupxD2MaaD3pAXIBCelhxNneeOaAeabZDe5s4K6zSpQ=
github.com/hashicorp/errwrap v1.0.0/go.mod h1:YH+1FKiLXxHSkmPseP+kNlulaMuP3n2brvKWEqk/Jc4=
github.com/hashicorp/errwrap v1.1.0 h1:OxrOeh75EUXMY8TBjag2fzXGZ40LB6IKw45YeGUDY2I=
github.com/hashicorp/errwrap v1.1.0/go.mod h1:YH+1FKiLXxHSkmPseP+kNlulaMuP3n2brvKWEqk/Jc4=
github.com/hashicorp/go-multierror v1.1.1 h1:H5DkEtf6CXdFp0N0Em5UCwQpXMWke8IA0+lD48awMYo=
github.com/hashicorp/go-multierror v1.1.1/go.mod h1:iw975J/qwKPdAO1clOe2L8331t/9/fmwbPZ6JB6eMoM=
github.com/merliot/dean v0.0.0-20240214060428-ac508327f99c h1:uM6MvqpiYzpy9HNWwPqYa9siDdoZpR3Y8PpnkBqOsJk=
github.com/merliot/dean v0.0.0-20240214060428-ac508327f99c/go.mod h1:uoIGfhAx8rt/TB3mDZcZWvO/+ajvNitFYYHSHBqqBrE=
github.com/merliot/dean v0.0.0-20240221075053-323818dff3cb h1:xiFcwZuajWBwn/Rrft2oAIAqBy4mwq8j1LEEZq5dRzc=
github.com/merliot/dean v0.0.0-20240221075053-323818dff3cb/go.mod h1:uoIGfhAx8rt/TB3mDZcZWvO/+ajvNitFYYHSHBqqBrE=
github.com/merliot/dean v0.0.0-20240221094503-e7aca4f3224e h1:UrO3CvenAIxYym3N2c6vusXbbYb2Bhm8hDi2r86z2Q4=
github.com/merliot/dean v0.0.0-20240221094503-e7aca4f3224e/go.mod h1:uoIGfhAx8rt/TB3mDZcZWvO/+ajvNitFYYHSHBqqBrE=
github.com/merliot/device v0.0.0-20240217072848-cbd16becd406 h1:90AvEp2CORFQ6ARmSWPOZ0OzxjtA40fVFiJpQgJinoU=
github.com/merliot/device v0.0.0-20240217072848-cbd16becd406/go.mod h1:boa/XRJWq7lR3iGbuDpms3q2ym0Yc6cmIU5D3tT4eok=
github.com/merliot/device v0.0.0-20240217093648-caea2285dbcf h1:UqYA31728K36vTDOny5pxkOgtjkfZq1dMH5nWXPfsfQ=
github.com/merliot/device v0.0.0-20240217093648-caea2285dbcf/go.mod h1:boa/XRJWq7lR3iGbuDpms3q2ym0Yc6cmIU5D3tT4eok=
github.com/merliot/device v0.0.0-20240220045947-f8b5492715ce h1:cGlWCfIYqXA3zw+oVwc+xQXN9SXlvj3+ipsh5y2pdLY=
github.com/merliot/device v0.0.0-20240220045947-f8b5492715ce/go.mod h1:boa/XRJWq7lR3iGbuDpms3q2ym0Yc6cmIU5D3tT4eok=
github.com/merliot/device v0.0.0-20240221055352-97856a14dcfa h1:PR/qTFWKCpfVgt7RQXMkQ8ooTxIzkONPkZl4dJ89lyw=
github.com/merliot/device v0.0.0-20240221055352-97856a14dcfa/go.mod h1:boa/XRJWq7lR3iGbuDpms3q2ym0Yc6cmIU5D3tT4eok=
github.com/merliot/device v0.0.0-20240221090220-66c454337fb7 h1:Hkx8xXzyYeKhZfj3NNWTja8URRkXsUr47adAbuVQBvI=
github.com/merliot/device v0.0.0-20240221090220-66c454337fb7/go.mod h1:/4v1Mng9JZwy6qi89XHGmcsHeqgsKALbLzgVV80TxQU=
github.com/merliot/device v0.0.0-20240221095112-c6bd7ebb8616 h1:IEE1vBhxfQLA4v1Koj61S8n9AXQB7m0QAnjBDxNxtYM=
github.com/merliot/device v0.0.0-20240221095112-c6bd7ebb8616/go.mod h1:YsNAQStwyltzPCyrpmUWWu7MfJb+2fmaWFYxQsMyzZY=
github.com/merliot/device v0.0.0-20240221102335-4991b3b65e2d h1:k7bQcYfw2B7AKn8hxw0o0BqLMLnXjSCj+QsG4ckBeQE=
github.com/merliot/device v0.0.0-20240221102335-4991b3b65e2d/go.mod h1:YsNAQStwyltzPCyrpmUWWu7MfJb+2fmaWFYxQsMyzZY=
github.com/merliot/device v0.0.0-20240221103309-ff4db968f4c6 h1:Vp0wfIRuMdRorpb4bvH59AU2DqBhpaNX4gOU0OTGox0=
github.com/merliot/device v0.0.0-20240221103309-ff4db968f4c6/go.mod h1:YsNAQStwyltzPCyrpmUWWu7MfJb+2fmaWFYxQsMyzZY=
github.com/merliot/garage v0.0.0-20240217075124-d99ca5b3eb5a h1:PNZ723ut7qXzAvPaFYtx328GsxdaVpxTmiWduv0ZXd8=
github.com/merliot/garage v0.0.0-20240217075124-d99ca5b3eb5a/go.mod h1:Toeoanw9ix24HfxR1GtinSpV5Pynw6riw42TpRERCqM=
github.com/merliot/garage v0.0.0-20240217095508-98dfa1f3e479 h1:vY8elFEgupp5qUykB3OgNFKaUzOtY5acHqSFih+Jnm4=
github.com/merliot/garage v0.0.0-20240217095508-98dfa1f3e479/go.mod h1:XqOx/y7l4ltxEWpluli7N9LlFOX7gB66dMuTrdmSsaE=
github.com/merliot/garage v0.0.0-20240218021641-5465f6a0f80c h1:+IFpDtytaNasSvPuY+3QKl/JOWEFNhz7OfU7BSkGntw=
github.com/merliot/garage v0.0.0-20240218021641-5465f6a0f80c/go.mod h1:XqOx/y7l4ltxEWpluli7N9LlFOX7gB66dMuTrdmSsaE=
github.com/merliot/garage v0.0.0-20240218031715-4f011eebe50e h1:2Bb85yKAF35waDbHENQK7FJOERZyVngNa8ofYSwEttE=
github.com/merliot/garage v0.0.0-20240218031715-4f011eebe50e/go.mod h1:XqOx/y7l4ltxEWpluli7N9LlFOX7gB66dMuTrdmSsaE=
github.com/merliot/garage v0.0.0-20240218052607-0de98dacaed8 h1:V5iFkkT2l1bBdgYJ9KpbtAIOUcxZiDYNSSjJ/OA/yA8=
github.com/merliot/garage v0.0.0-20240218052607-0de98dacaed8/go.mod h1:XqOx/y7l4ltxEWpluli7N9LlFOX7gB66dMuTrdmSsaE=
github.com/merliot/garage v0.0.0-20240220052124-0dd0fc82e229 h1:iAiAvQ7e1ct/bJNYdJglyb/xNHIVBzFVfjEr4LvqyEA=
github.com/merliot/garage v0.0.0-20240220052124-0dd0fc82e229/go.mod h1:zxsyXbZ/MCilzBYBf8Dt/vASsBRPMPUs4S1ZmceXOcc=
github.com/merliot/garage v0.0.0-20240221061750-4a520e3e7203 h1:mmhlakomw83/VB01VDnvhxnrpD67Am/OLf7sgMgU9a8=
github.com/merliot/garage v0.0.0-20240221061750-4a520e3e7203/go.mod h1:emdv33IMRxfHGrfbwtzTsSB2MNtqHQbAXNtmr2WTsfs=
github.com/merliot/garage v0.0.0-20240221090751-cc504933040d h1:Fim5CBuFSUDaHEU+mSAOaXOEthH4ClpEDuwbGsLGdcA=
github.com/merliot/garage v0.0.0-20240221090751-cc504933040d/go.mod h1:bNXB8mLoPC6Hgk7zP8Fkq8OY0Sx7bihqnGlXaV0vuls=
github.com/merliot/garage v0.0.0-20240221095421-b6e645ed9eae h1:b/rlQw2WcSQFcDOmznf/BOS0Ckxb6BgFoPWB99OVm+Y=
github.com/merliot/garage v0.0.0-20240221095421-b6e645ed9eae/go.mod h1:IPWCbim/6wlj/tULM/Cm3M+imdkWBUjQrVPWLYyWWMk=
github.com/merliot/garage v0.0.0-20240221103452-b00e0c4c141f h1:OCRpqCZcCdD7mE41YUo6HPIyEFJugetOqqwN/XXeMsI=
github.com/merliot/garage v0.0.0-20240221103452-b00e0c4c141f/go.mod h1:cfnK/WEjkAhSia39lAcEGuwG4C0MOjH68bG/vaZtFGs=
github.com/merliot/ps30m v0.0.0-20240217075133-4228d36bbe59 h1:JyKw4zz6HnQC4l3yCpopwvrI4zD3a7Z6yQ481bMLFt8=
github.com/merliot/ps30m v0.0.0-20240217075133-4228d36bbe59/go.mod h1:R57YpK4HJOgKKFUp/jC7F11PKjEJ9rWthKzTrJeCAuQ=
github.com/merliot/ps30m v0.0.0-20240217095517-420aec5bffef h1:rc8O+QUwBgX8oB8IbnLZTKA4zqpdqoaOUcwZgGD73nc=
github.com/merliot/ps30m v0.0.0-20240217095517-420aec5bffef/go.mod h1:yWAalpQK5sOyxCplREOy95BkediV9UN1HMLXgYVlW0Y=
github.com/merliot/ps30m v0.0.0-20240220052140-0e161dda19b7 h1:HquYUOyGC0SzhZMBP0BILGn1hifouCbIzJn1Rp1/qPY=
github.com/merliot/ps30m v0.0.0-20240220052140-0e161dda19b7/go.mod h1:AcWV6B24hJhYrvlKBTAQCzX7xdRLnSS2gmPJvrpXo4M=
github.com/merliot/ps30m v0.0.0-20240221061828-1d813d04c64b h1:wDa2KI2RmRlssapfzOb+8y9sFekk8uQdmFuu9pj/TOU=
github.com/merliot/ps30m v0.0.0-20240221061828-1d813d04c64b/go.mod h1:/HaUs++RoxqBFfk3Is5Me6oaVG/DJvE26dbfQCxLIeQ=
github.com/merliot/ps30m v0.0.0-20240221090759-60df00e7bfde h1:k8pkp0g2gkmCMgtuFakWgHsoTUCKTqxyJwqB7grsN/g=
github.com/merliot/ps30m v0.0.0-20240221090759-60df00e7bfde/go.mod h1:To3J2BMX/vVfaBeIdCb2ZH+5qMAdRfcQSGa4G7Uz62U=
github.com/merliot/ps30m v0.0.0-20240221095428-f9e8f9ad3a7c h1:70AICRivcthi2AU/VZCTSL20yNPYmc85EgBEf4XMHo4=
github.com/merliot/ps30m v0.0.0-20240221095428-f9e8f9ad3a7c/go.mod h1:zoVmgo9ujXqoZRg4ITi+G2RUqZ7wbs9cA8Nzq0dfw00=
github.com/merliot/ps30m v0.0.0-20240221103501-c742c6a161cf h1:NIFwQ1aUwfugxwp0yKqJ1ooNk3HnwVjWwe79UPMA88k=
github.com/merliot/ps30m v0.0.0-20240221103501-c742c6a161cf/go.mod h1:s0t8XW8pO9SR030brzOF4P8Gul2uNkQ3sgQDZ5ANQfg=
github.com/merliot/relays v0.0.0-20240217075112-42fc1a1c49a7 h1:jl1zPThXoQ9COFeVd9LzltQ0T0DuEhLR+QwzFIz8XK4=
github.com/merliot/relays v0.0.0-20240217075112-42fc1a1c49a7/go.mod h1:pDZsYp8khGA7yvzaXD/0iH4hdvl7Hmo/yBljud3XqG0=
github.com/merliot/relays v0.0.0-20240217095459-7f2494acf3f7 h1:UqGTzq4EcbGP5pai12p+n3foDEnQze7d7C4NaDUA7/k=
github.com/merliot/relays v0.0.0-20240217095459-7f2494acf3f7/go.mod h1:fD7KPNl9EkgdL6ZhhPYCuIBm6sgNt6wmbAn6z/FXspY=
github.com/merliot/relays v0.0.0-20240218203031-1b35d1972c28 h1:vf1yIJfR8iQ5/vKGv6itHl3J5j7DswVpGDUClYYSJS4=
github.com/merliot/relays v0.0.0-20240218203031-1b35d1972c28/go.mod h1:fD7KPNl9EkgdL6ZhhPYCuIBm6sgNt6wmbAn6z/FXspY=
github.com/merliot/relays v0.0.0-20240220200258-fe5278bbf6fe h1:Lwoa06kjcO1uXHWRI/DRnVRL90yKZR8U/EKhRYOMMc4=
github.com/merliot/relays v0.0.0-20240220200258-fe5278bbf6fe/go.mod h1:na6E0bDzufeiXo+xfCbYqZeUm61SVfMNorMIxelprKo=
github.com/merliot/relays v0.0.0-20240221061727-3ba2f6de81f3 h1:xdbS3E4zwtIw9ZVk+rdfTFDlfUTFSKxPoe/QELerF1c=
github.com/merliot/relays v0.0.0-20240221061727-3ba2f6de81f3/go.mod h1:i7RiaBCM14ud4l69Qww9PrPyTlSvKNq5HcEGO13NTf0=
github.com/merliot/relays v0.0.0-20240221090743-a5e7e76322a7 h1:1ySmPekqCVnbqckbWCzTkc7V9zNrahQ7c5RRcNNo8dw=
github.com/merliot/relays v0.0.0-20240221090743-a5e7e76322a7/go.mod h1:oter3n+YDoTMVRC6lzEaFXNDz+XTdynnF1p2oq+Dloo=
github.com/merliot/relays v0.0.0-20240221095348-00f1a0f98dc3 h1:8urpAxLpAukHF0WdymAqYzcpMeLmaLMY/EcxnxNnPGE=
github.com/merliot/relays v0.0.0-20240221095348-00f1a0f98dc3/go.mod h1:/VnGni2L4ExvMVBB34lTBkrXjblLDB1ck/Bk1dQpOVA=
github.com/merliot/relays v0.0.0-20240221102459-8edfb9f4f018 h1:HzrutOZ8BMKQ2DFzDZpZVbn3+HzH7MV7PlhHlf7F5T0=
github.com/merliot/relays v0.0.0-20240221102459-8edfb9f4f018/go.mod h1:Y3/uJ6rXRNOt556qbRKGtGgwtI/KNsuR5QcnrjdaCfU=
github.com/merliot/relays v0.0.0-20240221103442-272abf023910 h1:GT6WXSQ/pOm7SH9xzsfeBwLnW5WPMpYUN57zy7EVE0w=
github.com/merliot/relays v0.0.0-20240221103442-272abf023910/go.mod h1:o+mCUEL3HcKcjHqCLi48l++XKQC2s96othXBI+mTyoM=
github.com/merliot/skeleton v0.0.0-20240220052211-ed706a86b218 h1:2xEpAuT1QFot7nTu8nQOnbxFeelPibi3EJUsDojc9vM=
github.com/merliot/skeleton v0.0.0-20240220052211-ed706a86b218/go.mod h1:J+u8o+wZGsQz2QbN52KkTgO7tQV9qx0avvVSEtb3eDQ=
github.com/merliot/skeleton v0.0.0-20240221061916-f39b046a60bf h1:sC0IlXyN2TklG9fDlDdyQnJrAmNkJ2guIyCXLJZck64=
github.com/merliot/skeleton v0.0.0-20240221061916-f39b046a60bf/go.mod h1:DnvsNlvls6/6IV7ONm3jGv4cFWHzwz1pMijMaNZ9E7c=
github.com/merliot/skeleton v0.0.0-20240221062504-3d524f7b06ad h1:gxUI+iFB03wCf/mKdzm8oRZCsUB60uU4oTXXLckzqTw=
github.com/merliot/skeleton v0.0.0-20240221062504-3d524f7b06ad/go.mod h1:DnvsNlvls6/6IV7ONm3jGv4cFWHzwz1pMijMaNZ9E7c=
github.com/merliot/skeleton v0.0.0-20240221090816-3bb18ae9bb04 h1:4ueZrTjZPiKKnu9/lq4q0C/gRNco5y8NwrGjutr5Lno=
github.com/merliot/skeleton v0.0.0-20240221090816-3bb18ae9bb04/go.mod h1:U5L0DoXtEAhgyTRT6SGUWxtbIkT0/q+qgC5p41W5q9w=
github.com/merliot/skeleton v0.0.0-20240221095441-076bea41efc0 h1:edcjzIYQ7yw+hdHxtsXljEhPIS66tqUt0wqqGUIkfMk=
github.com/merliot/skeleton v0.0.0-20240221095441-076bea41efc0/go.mod h1:s6/Iscm2TeLz6v/V5/IHGq7gE1ygDkynmauWGD8ztXk=
github.com/merliot/skeleton v0.0.0-20240221103519-ccc7e59a6f19 h1:Mcai1THt/480iJ0b5PKhfQPA1z+L3tZ4fLmFb8CZ7zY=
github.com/merliot/skeleton v0.0.0-20240221103519-ccc7e59a6f19/go.mod h1:N5BEP2wA6TNYcJo3z3mP/rTsm916AGuHcXKs4C/zbiU=
github.com/pkg/errors v0.9.1 h1:FEBLx1zS214owpjy7qsBeixbURkuhQAwrK5UwLGTwt4=
github.com/pkg/errors v0.9.1/go.mod h1:bwawxfHBFNV+L2hUp1rHADufV3IMtnDRdf1r5NINEl0=
github.com/pmezard/go-difflib v1.0.0 h1:4DBwDE0NGyQoBHbLQYPwSUPoCMWR5BEzIk/f1lZbAQM=
github.com/pmezard/go-difflib v1.0.0/go.mod h1:iKH77koFhYxTK1pcRnkKkqfTogsbg7gZNVY4sRDYZ/4=
github.com/sigurn/crc8 v0.0.0-20220107193325-2243fe600f9f h1:1R9KdKjCNSd7F8iGTxIpoID9prlYH8nuNYKt0XvweHA=
github.com/sigurn/crc8 v0.0.0-20220107193325-2243fe600f9f/go.mod h1:vQhwQ4meQEDfahT5kd61wLAF5AAeh5ZPLVI4JJ/tYo8=
github.com/stretchr/testify v1.8.4 h1:CcVxjf3Q8PM0mHUKJCdn+eZZtm5yQwehR5yeSVQQcUk=
github.com/stretchr/testify v1.8.4/go.mod h1:sz/lmYIOXD/1dqDmKjjqLyZ2RngseejIcXlSw2iwfAo=
github.com/warthog618/go-gpiosim v0.1.0 h1:2rTMTcKUVZxpUuvRKsagnKAbKpd3Bwffp87xywEDVGI=
github.com/warthog618/go-gpiosim v0.1.0/go.mod h1:Ngx/LYI5toxHr4E+Vm6vTgCnt0of0tktsSuMUEJ2wCI=
github.com/warthog618/gpiod v0.8.2 h1:2HgQ9pNowPp7W77sXhX5ut5Tqq1WoS3t7bXYDxtYvxc=
github.com/warthog618/gpiod v0.8.2/go.mod h1:O7BNpHjCn/4YS5yFVmoFZAlY1LuYuQ8vhPf0iy/qdi4=
github.com/x448/float16 v0.8.4 h1:qLwI1I70+NjRFUR3zs1JPUCgaCXSh3SW62uAKT1mSBM=
github.com/x448/float16 v0.8.4/go.mod h1:14CWIYCyZA/cWjXOioeEpHeN/83MdbZDRQHoFcYsOfg=
gobot.io/x/gobot/v2 v2.3.0 h1:A5uT4J54hS0CJ0qlcbOwBr6joEpQpkMSjdJavyAIGME=
gobot.io/x/gobot/v2 v2.3.0/go.mod h1:Y2OP99XZwxvTaExiSf42NFQ4HfFeD9lhh+kHS6WGpPI=
golang.org/x/crypto v0.19.0 h1:ENy+Az/9Y1vSrlrvBSyna3PITt4tiZLf7sgCjZBX7Wo=
golang.org/x/crypto v0.19.0/go.mod h1:Iy9bg/ha4yyC70EfRS8jz+B6ybOBKMaSxLj6P6oBDfU=
golang.org/x/net v0.21.0 h1:AQyQV4dYCvJ7vGmJyKki9+PBdyvhkSd8EIx/qb0AYv4=
golang.org/x/net v0.21.0/go.mod h1:bIjVDfnllIU7BJ2DNgfnXvpSvtn8VRwhlsaeUTyUS44=
golang.org/x/sys v0.17.0 h1:25cE3gD+tdBA7lp7QfhuV+rJiE9YXTcS3VG1SqssI/Y=
golang.org/x/sys v0.17.0/go.mod h1:/VUhepiaJMQUp4+oa/7Zr1D23ma6VTLIYjOOTFZPUcA=
golang.org/x/text v0.14.0 h1:ScX5w1eTa3QqT8oi6+ziP7dTV1S2+ALU0bI+0zXKWiQ=
golang.org/x/text v0.14.0/go.mod h1:18ZOQIKpY8NJVqYksKHtTdi31H5itFRjB5/qKTNYzSU=
gopkg.in/yaml.v3 v3.0.1 h1:fxVm/GzAzEWqLHuvctI91KS9hhNmmWOoWu0XTYJS7CA=
gopkg.in/yaml.v3 v3.0.1/go.mod h1:K4uyk7z7BCEPqu6E+C64Yfv1cQ7kz7rIZviUmN+EgEM=
periph.io/x/conn/v3 v3.7.0 h1:f1EXLn4pkf7AEWwkol2gilCNZ0ElY+bxS4WE2PQXfrA=
periph.io/x/conn/v3 v3.7.0/go.mod h1:ypY7UVxgDbP9PJGwFSVelRRagxyXYfttVh7hJZUHEhg=
periph.io/x/host/v3 v3.8.2 h1:ayKUDzgUCN0g8+/xM9GTkWaOBhSLVcVHGTfjAOi8OsQ=
periph.io/x/host/v3 v3.8.2/go.mod h1:yFL76AesNHR68PboofSWYaQTKmvPXsQH2Apvp/ls/K4=
tinygo.org/x/drivers v0.26.1-0.20231206190939-3fabdc5c9680 h1:S7FwtuTMSkyEjF1cgl3AFlnBR940GYgCMSADm0U8e7o=
tinygo.org/x/drivers v0.26.1-0.20231206190939-3fabdc5c9680/go.mod h1:q/mU8G/wz821p8xXqbkBACOlmZFDHXd//DnYnCW+dDQ=
